// !$*UTF8*$!
{
	archiveVersion = 1;
	classes = {
	};
	objectVersion = 46;
	objects = {

/* Begin PBXBuildFile section */
		670DE0CD1BFAE4E10067561D /* back.png in Resources */ = {isa = PBXBuildFile; fileRef = 670DE0C11BFAE4E10067561D /* back.png */; };
		670DE0CE1BFAE4E10067561D /* back@2x.png in Resources */ = {isa = PBXBuildFile; fileRef = 670DE0C21BFAE4E10067561D /* back@2x.png */; };
		670DE0CF1BFAE4E10067561D /* back@3x.png in Resources */ = {isa = PBXBuildFile; fileRef = 670DE0C31BFAE4E10067561D /* back@3x.png */; };
		670DE0D01BFAE4E10067561D /* line.png in Resources */ = {isa = PBXBuildFile; fileRef = 670DE0C41BFAE4E10067561D /* line.png */; };
		670DE0D11BFAE4E10067561D /* line@2x.png in Resources */ = {isa = PBXBuildFile; fileRef = 670DE0C51BFAE4E10067561D /* line@2x.png */; };
		670DE0D21BFAE4E10067561D /* line@3x.png in Resources */ = {isa = PBXBuildFile; fileRef = 670DE0C61BFAE4E10067561D /* line@3x.png */; };
		670DE0D31BFAE4E10067561D /* qq.png in Resources */ = {isa = PBXBuildFile; fileRef = 670DE0C71BFAE4E10067561D /* qq.png */; };
		670DE0D41BFAE4E10067561D /* qq@2x.png in Resources */ = {isa = PBXBuildFile; fileRef = 670DE0C81BFAE4E10067561D /* qq@2x.png */; };
		670DE0D51BFAE4E10067561D /* qq@3x.png in Resources */ = {isa = PBXBuildFile; fileRef = 670DE0C91BFAE4E10067561D /* qq@3x.png */; };
		670DE0D61BFAE4E10067561D /* wechat.png in Resources */ = {isa = PBXBuildFile; fileRef = 670DE0CA1BFAE4E10067561D /* wechat.png */; };
		670DE0D71BFAE4E10067561D /* wechat@2x.png in Resources */ = {isa = PBXBuildFile; fileRef = 670DE0CB1BFAE4E10067561D /* wechat@2x.png */; };
		670DE0D81BFAE4E10067561D /* wechat@3x.png in Resources */ = {isa = PBXBuildFile; fileRef = 670DE0CC1BFAE4E10067561D /* wechat@3x.png */; };
		DC38B82A1BE9A6C50014D06A /* CollectionTableViewCell.m in Sources */ = {isa = PBXBuildFile; fileRef = DC38B8281BE9A6C50014D06A /* CollectionTableViewCell.m */; };
		DC38B82B1BE9A6C50014D06A /* CollectionTableViewCell.xib in Resources */ = {isa = PBXBuildFile; fileRef = DC38B8291BE9A6C50014D06A /* CollectionTableViewCell.xib */; };
		DC38B82E1BE9B63F0014D06A /* TravleVC.m in Sources */ = {isa = PBXBuildFile; fileRef = DC38B82D1BE9B63F0014D06A /* TravleVC.m */; };
		DC38B8321BE9E1040014D06A /* TravleTableViewCell.m in Sources */ = {isa = PBXBuildFile; fileRef = DC38B8301BE9E1040014D06A /* TravleTableViewCell.m */; };
		DC38B8331BE9E1040014D06A /* TravleTableViewCell.xib in Resources */ = {isa = PBXBuildFile; fileRef = DC38B8311BE9E1040014D06A /* TravleTableViewCell.xib */; };
		DC38B8361BEAEFF70014D06A /* TravleEditAddVC.m in Sources */ = {isa = PBXBuildFile; fileRef = DC38B8351BEAEFF70014D06A /* TravleEditAddVC.m */; };
		DC38B8391BEAF90A0014D06A /* SuggestVC.m in Sources */ = {isa = PBXBuildFile; fileRef = DC38B8381BEAF90A0014D06A /* SuggestVC.m */; };
		DC38B83F1BEB153E0014D06A /* PlayDetailViewController.m in Sources */ = {isa = PBXBuildFile; fileRef = DC38B83E1BEB153E0014D06A /* PlayDetailViewController.m */; };
		DC38B8441BEB15CA0014D06A /* HomeTableViewCell.m in Sources */ = {isa = PBXBuildFile; fileRef = DC38B8421BEB15CA0014D06A /* HomeTableViewCell.m */; };
		DC38B8451BEB15CA0014D06A /* HomeTableViewCell.xib in Resources */ = {isa = PBXBuildFile; fileRef = DC38B8431BEB15CA0014D06A /* HomeTableViewCell.xib */; };
		DC38B8481BEB25CE0014D06A /* PlayVC.m in Sources */ = {isa = PBXBuildFile; fileRef = DC38B8471BEB25CE0014D06A /* PlayVC.m */; };
		DCA558A21BD9C8A5004502C1 /* main.m in Sources */ = {isa = PBXBuildFile; fileRef = DCA558A11BD9C8A5004502C1 /* main.m */; };
		DCA558A51BD9C8A5004502C1 /* AppDelegate.m in Sources */ = {isa = PBXBuildFile; fileRef = DCA558A41BD9C8A5004502C1 /* AppDelegate.m */; };
		DCA558A81BD9C8A5004502C1 /* ViewController.m in Sources */ = {isa = PBXBuildFile; fileRef = DCA558A71BD9C8A5004502C1 /* ViewController.m */; };
		DCA558AB1BD9C8A5004502C1 /* Main.storyboard in Resources */ = {isa = PBXBuildFile; fileRef = DCA558A91BD9C8A5004502C1 /* Main.storyboard */; };
		DCA558AD1BD9C8A5004502C1 /* Images.xcassets in Resources */ = {isa = PBXBuildFile; fileRef = DCA558AC1BD9C8A5004502C1 /* Images.xcassets */; };
		DCA558B01BD9C8A5004502C1 /* LaunchScreen.xib in Resources */ = {isa = PBXBuildFile; fileRef = DCA558AE1BD9C8A5004502C1 /* LaunchScreen.xib */; };
		DCA558BC1BD9C8A5004502C1 /* LeDanDanTests.m in Sources */ = {isa = PBXBuildFile; fileRef = DCA558BB1BD9C8A5004502C1 /* LeDanDanTests.m */; };
		DCA558C71BDF4BBB004502C1 /* NTViewController.m in Sources */ = {isa = PBXBuildFile; fileRef = DCA558C61BDF4BBB004502C1 /* NTViewController.m */; };
		DCA558CA1BE1AA9D004502C1 /* NTButton.m in Sources */ = {isa = PBXBuildFile; fileRef = DCA558C91BE1AA9D004502C1 /* NTButton.m */; };
		DCBEADEF1BE88F9800A6D3B2 /* OrderVC.m in Sources */ = {isa = PBXBuildFile; fileRef = DCBEADEE1BE88F9800A6D3B2 /* OrderVC.m */; };
		DCBEADFD1BE8A5A800A6D3B2 /* OrderTableViewCell.m in Sources */ = {isa = PBXBuildFile; fileRef = DCBEADFB1BE8A5A800A6D3B2 /* OrderTableViewCell.m */; };
		DCBEADFE1BE8A5A800A6D3B2 /* OrderTableViewCell.xib in Resources */ = {isa = PBXBuildFile; fileRef = DCBEADFC1BE8A5A800A6D3B2 /* OrderTableViewCell.xib */; };
		DCBEAE011BE9991E00A6D3B2 /* CollectionVC.m in Sources */ = {isa = PBXBuildFile; fileRef = DCBEAE001BE9991E00A6D3B2 /* CollectionVC.m */; };
		DCDB53D41BE6F5E100B81460 /* HomeVC.m in Sources */ = {isa = PBXBuildFile; fileRef = DCDB53D31BE6F5E100B81460 /* HomeVC.m */; };
		DCDB53D71BE6F60000B81460 /* MessageVC.m in Sources */ = {isa = PBXBuildFile; fileRef = DCDB53D61BE6F60000B81460 /* MessageVC.m */; };
		DCDB53DA1BE6F63200B81460 /* MineVC.m in Sources */ = {isa = PBXBuildFile; fileRef = DCDB53D91BE6F63200B81460 /* MineVC.m */; };
/* End PBXBuildFile section */

/* Begin PBXContainerItemProxy section */
		DCA558B61BD9C8A5004502C1 /* PBXContainerItemProxy */ = {
			isa = PBXContainerItemProxy;
			containerPortal = DCA558941BD9C8A5004502C1 /* Project object */;
			proxyType = 1;
			remoteGlobalIDString = DCA5589B1BD9C8A5004502C1;
			remoteInfo = LeDanDan;
		};
/* End PBXContainerItemProxy section */

/* Begin PBXFileReference section */
		670DE0C11BFAE4E10067561D /* back.png */ = {isa = PBXFileReference; lastKnownFileType = image.png; path = back.png; sourceTree = "<group>"; };
		670DE0C21BFAE4E10067561D /* back@2x.png */ = {isa = PBXFileReference; lastKnownFileType = image.png; path = "back@2x.png"; sourceTree = "<group>"; };
		670DE0C31BFAE4E10067561D /* back@3x.png */ = {isa = PBXFileReference; lastKnownFileType = image.png; path = "back@3x.png"; sourceTree = "<group>"; };
		670DE0C41BFAE4E10067561D /* line.png */ = {isa = PBXFileReference; lastKnownFileType = image.png; path = line.png; sourceTree = "<group>"; };
		670DE0C51BFAE4E10067561D /* line@2x.png */ = {isa = PBXFileReference; lastKnownFileType = image.png; path = "line@2x.png"; sourceTree = "<group>"; };
		670DE0C61BFAE4E10067561D /* line@3x.png */ = {isa = PBXFileReference; lastKnownFileType = image.png; path = "line@3x.png"; sourceTree = "<group>"; };
		670DE0C71BFAE4E10067561D /* qq.png */ = {isa = PBXFileReference; lastKnownFileType = image.png; path = qq.png; sourceTree = "<group>"; };
		670DE0C81BFAE4E10067561D /* qq@2x.png */ = {isa = PBXFileReference; lastKnownFileType = image.png; path = "qq@2x.png"; sourceTree = "<group>"; };
		670DE0C91BFAE4E10067561D /* qq@3x.png */ = {isa = PBXFileReference; lastKnownFileType = image.png; path = "qq@3x.png"; sourceTree = "<group>"; };
		670DE0CA1BFAE4E10067561D /* wechat.png */ = {isa = PBXFileReference; lastKnownFileType = image.png; path = wechat.png; sourceTree = "<group>"; };
		670DE0CB1BFAE4E10067561D /* wechat@2x.png */ = {isa = PBXFileReference; lastKnownFileType = image.png; path = "wechat@2x.png"; sourceTree = "<group>"; };
		670DE0CC1BFAE4E10067561D /* wechat@3x.png */ = {isa = PBXFileReference; lastKnownFileType = image.png; path = "wechat@3x.png"; sourceTree = "<group>"; };
		DC38B8271BE9A6C50014D06A /* CollectionTableViewCell.h */ = {isa = PBXFileReference; fileEncoding = 4; lastKnownFileType = sourcecode.c.h; name = CollectionTableViewCell.h; path = LeDanDan/CollectionTableViewCell.h; sourceTree = "<group>"; };
		DC38B8281BE9A6C50014D06A /* CollectionTableViewCell.m */ = {isa = PBXFileReference; fileEncoding = 4; lastKnownFileType = sourcecode.c.objc; name = CollectionTableViewCell.m; path = LeDanDan/CollectionTableViewCell.m; sourceTree = "<group>"; };
		DC38B8291BE9A6C50014D06A /* CollectionTableViewCell.xib */ = {isa = PBXFileReference; fileEncoding = 4; lastKnownFileType = file.xib; name = CollectionTableViewCell.xib; path = LeDanDan/CollectionTableViewCell.xib; sourceTree = "<group>"; };
		DC38B82C1BE9B63F0014D06A /* TravleVC.h */ = {isa = PBXFileReference; fileEncoding = 4; lastKnownFileType = sourcecode.c.h; name = TravleVC.h; path = LeDanDan/TravleVC.h; sourceTree = "<group>"; };
		DC38B82D1BE9B63F0014D06A /* TravleVC.m */ = {isa = PBXFileReference; fileEncoding = 4; lastKnownFileType = sourcecode.c.objc; name = TravleVC.m; path = LeDanDan/TravleVC.m; sourceTree = "<group>"; };
		DC38B82F1BE9E1040014D06A /* TravleTableViewCell.h */ = {isa = PBXFileReference; fileEncoding = 4; lastKnownFileType = sourcecode.c.h; name = TravleTableViewCell.h; path = LeDanDan/TravleTableViewCell.h; sourceTree = "<group>"; };
		DC38B8301BE9E1040014D06A /* TravleTableViewCell.m */ = {isa = PBXFileReference; fileEncoding = 4; lastKnownFileType = sourcecode.c.objc; name = TravleTableViewCell.m; path = LeDanDan/TravleTableViewCell.m; sourceTree = "<group>"; };
		DC38B8311BE9E1040014D06A /* TravleTableViewCell.xib */ = {isa = PBXFileReference; fileEncoding = 4; lastKnownFileType = file.xib; name = TravleTableViewCell.xib; path = LeDanDan/TravleTableViewCell.xib; sourceTree = "<group>"; };
		DC38B8341BEAEFF70014D06A /* TravleEditAddVC.h */ = {isa = PBXFileReference; fileEncoding = 4; lastKnownFileType = sourcecode.c.h; name = TravleEditAddVC.h; path = LeDanDan/TravleEditAddVC.h; sourceTree = "<group>"; };
		DC38B8351BEAEFF70014D06A /* TravleEditAddVC.m */ = {isa = PBXFileReference; fileEncoding = 4; lastKnownFileType = sourcecode.c.objc; name = TravleEditAddVC.m; path = LeDanDan/TravleEditAddVC.m; sourceTree = "<group>"; };
		DC38B8371BEAF90A0014D06A /* SuggestVC.h */ = {isa = PBXFileReference; fileEncoding = 4; lastKnownFileType = sourcecode.c.h; name = SuggestVC.h; path = LeDanDan/SuggestVC.h; sourceTree = "<group>"; };
		DC38B8381BEAF90A0014D06A /* SuggestVC.m */ = {isa = PBXFileReference; fileEncoding = 4; lastKnownFileType = sourcecode.c.objc; name = SuggestVC.m; path = LeDanDan/SuggestVC.m; sourceTree = "<group>"; };
		DC38B83D1BEB153E0014D06A /* PlayDetailViewController.h */ = {isa = PBXFileReference; fileEncoding = 4; lastKnownFileType = sourcecode.c.h; path = PlayDetailViewController.h; sourceTree = "<group>"; };
		DC38B83E1BEB153E0014D06A /* PlayDetailViewController.m */ = {isa = PBXFileReference; fileEncoding = 4; lastKnownFileType = sourcecode.c.objc; path = PlayDetailViewController.m; sourceTree = "<group>"; };
		DC38B8411BEB15CA0014D06A /* HomeTableViewCell.h */ = {isa = PBXFileReference; fileEncoding = 4; lastKnownFileType = sourcecode.c.h; path = HomeTableViewCell.h; sourceTree = "<group>"; };
		DC38B8421BEB15CA0014D06A /* HomeTableViewCell.m */ = {isa = PBXFileReference; fileEncoding = 4; lastKnownFileType = sourcecode.c.objc; path = HomeTableViewCell.m; sourceTree = "<group>"; };
		DC38B8431BEB15CA0014D06A /* HomeTableViewCell.xib */ = {isa = PBXFileReference; fileEncoding = 4; lastKnownFileType = file.xib; path = HomeTableViewCell.xib; sourceTree = "<group>"; };
		DC38B8461BEB25CE0014D06A /* PlayVC.h */ = {isa = PBXFileReference; fileEncoding = 4; lastKnownFileType = sourcecode.c.h; path = PlayVC.h; sourceTree = "<group>"; };
		DC38B8471BEB25CE0014D06A /* PlayVC.m */ = {isa = PBXFileReference; fileEncoding = 4; lastKnownFileType = sourcecode.c.objc; path = PlayVC.m; sourceTree = "<group>"; };
		DCA5589C1BD9C8A5004502C1 /* LeDanDan.app */ = {isa = PBXFileReference; explicitFileType = wrapper.application; includeInIndex = 0; path = LeDanDan.app; sourceTree = BUILT_PRODUCTS_DIR; };
		DCA558A01BD9C8A5004502C1 /* Info.plist */ = {isa = PBXFileReference; lastKnownFileType = text.plist.xml; path = Info.plist; sourceTree = "<group>"; };
		DCA558A11BD9C8A5004502C1 /* main.m */ = {isa = PBXFileReference; lastKnownFileType = sourcecode.c.objc; path = main.m; sourceTree = "<group>"; };
		DCA558A31BD9C8A5004502C1 /* AppDelegate.h */ = {isa = PBXFileReference; lastKnownFileType = sourcecode.c.h; path = AppDelegate.h; sourceTree = "<group>"; };
		DCA558A41BD9C8A5004502C1 /* AppDelegate.m */ = {isa = PBXFileReference; lastKnownFileType = sourcecode.c.objc; path = AppDelegate.m; sourceTree = "<group>"; };
		DCA558A61BD9C8A5004502C1 /* ViewController.h */ = {isa = PBXFileReference; lastKnownFileType = sourcecode.c.h; path = ViewController.h; sourceTree = "<group>"; };
		DCA558A71BD9C8A5004502C1 /* ViewController.m */ = {isa = PBXFileReference; lastKnownFileType = sourcecode.c.objc; path = ViewController.m; sourceTree = "<group>"; };
		DCA558AA1BD9C8A5004502C1 /* Base */ = {isa = PBXFileReference; lastKnownFileType = file.storyboard; name = Base; path = Base.lproj/Main.storyboard; sourceTree = "<group>"; };
		DCA558AC1BD9C8A5004502C1 /* Images.xcassets */ = {isa = PBXFileReference; lastKnownFileType = folder.assetcatalog; path = Images.xcassets; sourceTree = "<group>"; };
		DCA558AF1BD9C8A5004502C1 /* Base */ = {isa = PBXFileReference; lastKnownFileType = file.xib; name = Base; path = Base.lproj/LaunchScreen.xib; sourceTree = "<group>"; };
		DCA558B51BD9C8A5004502C1 /* LeDanDanTests.xctest */ = {isa = PBXFileReference; explicitFileType = wrapper.cfbundle; includeInIndex = 0; path = LeDanDanTests.xctest; sourceTree = BUILT_PRODUCTS_DIR; };
		DCA558BA1BD9C8A5004502C1 /* Info.plist */ = {isa = PBXFileReference; lastKnownFileType = text.plist.xml; path = Info.plist; sourceTree = "<group>"; };
		DCA558BB1BD9C8A5004502C1 /* LeDanDanTests.m */ = {isa = PBXFileReference; lastKnownFileType = sourcecode.c.objc; path = LeDanDanTests.m; sourceTree = "<group>"; };
		DCA558C51BDF4BBB004502C1 /* NTViewController.h */ = {isa = PBXFileReference; fileEncoding = 4; lastKnownFileType = sourcecode.c.h; path = NTViewController.h; sourceTree = "<group>"; };
		DCA558C61BDF4BBB004502C1 /* NTViewController.m */ = {isa = PBXFileReference; fileEncoding = 4; lastKnownFileType = sourcecode.c.objc; path = NTViewController.m; sourceTree = "<group>"; };
		DCA558C81BE1AA9D004502C1 /* NTButton.h */ = {isa = PBXFileReference; fileEncoding = 4; lastKnownFileType = sourcecode.c.h; path = NTButton.h; sourceTree = "<group>"; };
		DCA558C91BE1AA9D004502C1 /* NTButton.m */ = {isa = PBXFileReference; fileEncoding = 4; lastKnownFileType = sourcecode.c.objc; path = NTButton.m; sourceTree = "<group>"; };
		DCBEADED1BE88F9800A6D3B2 /* OrderVC.h */ = {isa = PBXFileReference; fileEncoding = 4; lastKnownFileType = sourcecode.c.h; name = OrderVC.h; path = LeDanDan/OrderVC.h; sourceTree = "<group>"; };
		DCBEADEE1BE88F9800A6D3B2 /* OrderVC.m */ = {isa = PBXFileReference; fileEncoding = 4; lastKnownFileType = sourcecode.c.objc; name = OrderVC.m; path = LeDanDan/OrderVC.m; sourceTree = "<group>"; };
		DCBEADFA1BE8A5A800A6D3B2 /* OrderTableViewCell.h */ = {isa = PBXFileReference; fileEncoding = 4; lastKnownFileType = sourcecode.c.h; name = OrderTableViewCell.h; path = LeDanDan/OrderTableViewCell.h; sourceTree = "<group>"; };
		DCBEADFB1BE8A5A800A6D3B2 /* OrderTableViewCell.m */ = {isa = PBXFileReference; fileEncoding = 4; lastKnownFileType = sourcecode.c.objc; name = OrderTableViewCell.m; path = LeDanDan/OrderTableViewCell.m; sourceTree = "<group>"; };
		DCBEADFC1BE8A5A800A6D3B2 /* OrderTableViewCell.xib */ = {isa = PBXFileReference; fileEncoding = 4; lastKnownFileType = file.xib; name = OrderTableViewCell.xib; path = LeDanDan/OrderTableViewCell.xib; sourceTree = "<group>"; };
		DCBEADFF1BE9991E00A6D3B2 /* CollectionVC.h */ = {isa = PBXFileReference; fileEncoding = 4; lastKnownFileType = sourcecode.c.h; name = CollectionVC.h; path = LeDanDan/CollectionVC.h; sourceTree = "<group>"; };
		DCBEAE001BE9991E00A6D3B2 /* CollectionVC.m */ = {isa = PBXFileReference; fileEncoding = 4; lastKnownFileType = sourcecode.c.objc; name = CollectionVC.m; path = LeDanDan/CollectionVC.m; sourceTree = "<group>"; };
		DCDB53D21BE6F5E100B81460 /* HomeVC.h */ = {isa = PBXFileReference; fileEncoding = 4; lastKnownFileType = sourcecode.c.h; path = HomeVC.h; sourceTree = "<group>"; };
		DCDB53D31BE6F5E100B81460 /* HomeVC.m */ = {isa = PBXFileReference; fileEncoding = 4; lastKnownFileType = sourcecode.c.objc; path = HomeVC.m; sourceTree = "<group>"; };
		DCDB53D51BE6F60000B81460 /* MessageVC.h */ = {isa = PBXFileReference; fileEncoding = 4; lastKnownFileType = sourcecode.c.h; path = MessageVC.h; sourceTree = "<group>"; };
		DCDB53D61BE6F60000B81460 /* MessageVC.m */ = {isa = PBXFileReference; fileEncoding = 4; lastKnownFileType = sourcecode.c.objc; path = MessageVC.m; sourceTree = "<group>"; };
		DCDB53D81BE6F63200B81460 /* MineVC.h */ = {isa = PBXFileReference; fileEncoding = 4; lastKnownFileType = sourcecode.c.h; path = MineVC.h; sourceTree = "<group>"; };
		DCDB53D91BE6F63200B81460 /* MineVC.m */ = {isa = PBXFileReference; fileEncoding = 4; lastKnownFileType = sourcecode.c.objc; path = MineVC.m; sourceTree = "<group>"; };
/* End PBXFileReference section */

/* Begin PBXFrameworksBuildPhase section */
		DCA558991BD9C8A5004502C1 /* Frameworks */ = {
			isa = PBXFrameworksBuildPhase;
			buildActionMask = 2147483647;
			files = (
			);
			runOnlyForDeploymentPostprocessing = 0;
		};
		DCA558B21BD9C8A5004502C1 /* Frameworks */ = {
			isa = PBXFrameworksBuildPhase;
			buildActionMask = 2147483647;
			files = (
			);
			runOnlyForDeploymentPostprocessing = 0;
		};
/* End PBXFrameworksBuildPhase section */

/* Begin PBXGroup section */
		670DE0C01BFAE4E10067561D /* 登录 */ = {
			isa = PBXGroup;
			children = (
				670DE0C11BFAE4E10067561D /* back.png */,
				670DE0C21BFAE4E10067561D /* back@2x.png */,
				670DE0C31BFAE4E10067561D /* back@3x.png */,
				670DE0C41BFAE4E10067561D /* line.png */,
				670DE0C51BFAE4E10067561D /* line@2x.png */,
				670DE0C61BFAE4E10067561D /* line@3x.png */,
				670DE0C71BFAE4E10067561D /* qq.png */,
				670DE0C81BFAE4E10067561D /* qq@2x.png */,
				670DE0C91BFAE4E10067561D /* qq@3x.png */,
				670DE0CA1BFAE4E10067561D /* wechat.png */,
				670DE0CB1BFAE4E10067561D /* wechat@2x.png */,
				670DE0CC1BFAE4E10067561D /* wechat@3x.png */,
			);
			path = "登录";
			sourceTree = "<group>";
		};
		DC38B83A1BEAFEA00014D06A /* MineDetail */ = {
			isa = PBXGroup;
			children = (
				DC38B8371BEAF90A0014D06A /* SuggestVC.h */,
				DC38B8381BEAF90A0014D06A /* SuggestVC.m */,
				DCBEADFF1BE9991E00A6D3B2 /* CollectionVC.h */,
				DCBEAE001BE9991E00A6D3B2 /* CollectionVC.m */,
				DCBEADED1BE88F9800A6D3B2 /* OrderVC.h */,
				DCBEADEE1BE88F9800A6D3B2 /* OrderVC.m */,
				DC38B82C1BE9B63F0014D06A /* TravleVC.h */,
				DC38B82D1BE9B63F0014D06A /* TravleVC.m */,
				DC38B8341BEAEFF70014D06A /* TravleEditAddVC.h */,
				DC38B8351BEAEFF70014D06A /* TravleEditAddVC.m */,
			);
			name = MineDetail;
			sourceTree = "<group>";
		};
		DC38B83B1BEAFF1D0014D06A /* View */ = {
			isa = PBXGroup;
			children = (
				DC38B8401BEB158B0014D06A /* home */,
				DC38B83C1BEAFF2B0014D06A /* Mine */,
			);
			name = View;
			sourceTree = "<group>";
		};
		DC38B83C1BEAFF2B0014D06A /* Mine */ = {
			isa = PBXGroup;
			children = (
				DCBEADFA1BE8A5A800A6D3B2 /* OrderTableViewCell.h */,
				DCBEADFB1BE8A5A800A6D3B2 /* OrderTableViewCell.m */,
				DCBEADFC1BE8A5A800A6D3B2 /* OrderTableViewCell.xib */,
				DC38B8271BE9A6C50014D06A /* CollectionTableViewCell.h */,
				DC38B8281BE9A6C50014D06A /* CollectionTableViewCell.m */,
				DC38B8291BE9A6C50014D06A /* CollectionTableViewCell.xib */,
				DC38B82F1BE9E1040014D06A /* TravleTableViewCell.h */,
				DC38B8301BE9E1040014D06A /* TravleTableViewCell.m */,
				DC38B8311BE9E1040014D06A /* TravleTableViewCell.xib */,
			);
			name = Mine;
			sourceTree = "<group>";
		};
		DC38B8401BEB158B0014D06A /* home */ = {
			isa = PBXGroup;
			children = (
				DC38B8411BEB15CA0014D06A /* HomeTableViewCell.h */,
				DC38B8421BEB15CA0014D06A /* HomeTableViewCell.m */,
				DC38B8431BEB15CA0014D06A /* HomeTableViewCell.xib */,
			);
			name = home;
			sourceTree = "<group>";
		};
		DCA558931BD9C8A5004502C1 = {
			isa = PBXGroup;
			children = (
				DC38B83B1BEAFF1D0014D06A /* View */,
				DC38B83A1BEAFEA00014D06A /* MineDetail */,
				DCA558CB1BE1AB41004502C1 /* Image */,
				DCA5589E1BD9C8A5004502C1 /* LeDanDan */,
				DCA558B81BD9C8A5004502C1 /* LeDanDanTests */,
				DCA5589D1BD9C8A5004502C1 /* Products */,
			);
			sourceTree = "<group>";
		};
		DCA5589D1BD9C8A5004502C1 /* Products */ = {
			isa = PBXGroup;
			children = (
				DCA5589C1BD9C8A5004502C1 /* LeDanDan.app */,
				DCA558B51BD9C8A5004502C1 /* LeDanDanTests.xctest */,
			);
			name = Products;
			sourceTree = "<group>";
		};
		DCA5589E1BD9C8A5004502C1 /* LeDanDan */ = {
			isa = PBXGroup;
			children = (
				DCA558A31BD9C8A5004502C1 /* AppDelegate.h */,
				DCA558A41BD9C8A5004502C1 /* AppDelegate.m */,
				DCA558A61BD9C8A5004502C1 /* ViewController.h */,
				DCA558A71BD9C8A5004502C1 /* ViewController.m */,
				DCA558C51BDF4BBB004502C1 /* NTViewController.h */,
				DCA558C61BDF4BBB004502C1 /* NTViewController.m */,
				DCA558C81BE1AA9D004502C1 /* NTButton.h */,
				DCA558C91BE1AA9D004502C1 /* NTButton.m */,
				DCDB53D51BE6F60000B81460 /* MessageVC.h */,
				DCDB53D61BE6F60000B81460 /* MessageVC.m */,
				DCDB53D21BE6F5E100B81460 /* HomeVC.h */,
				DCDB53D31BE6F5E100B81460 /* HomeVC.m */,
				DC38B8461BEB25CE0014D06A /* PlayVC.h */,
				DC38B8471BEB25CE0014D06A /* PlayVC.m */,
				DC38B83D1BEB153E0014D06A /* PlayDetailViewController.h */,
				DC38B83E1BEB153E0014D06A /* PlayDetailViewController.m */,
				DCDB53D81BE6F63200B81460 /* MineVC.h */,
				DCDB53D91BE6F63200B81460 /* MineVC.m */,
				DCA558A91BD9C8A5004502C1 /* Main.storyboard */,
				DCA558AC1BD9C8A5004502C1 /* Images.xcassets */,
				DCA558AE1BD9C8A5004502C1 /* LaunchScreen.xib */,
				DCA5589F1BD9C8A5004502C1 /* Supporting Files */,
			);
			path = LeDanDan;
			sourceTree = "<group>";
		};
		DCA5589F1BD9C8A5004502C1 /* Supporting Files */ = {
			isa = PBXGroup;
			children = (
				DCA558A01BD9C8A5004502C1 /* Info.plist */,
				DCA558A11BD9C8A5004502C1 /* main.m */,
			);
			name = "Supporting Files";
			sourceTree = "<group>";
		};
		DCA558B81BD9C8A5004502C1 /* LeDanDanTests */ = {
			isa = PBXGroup;
			children = (
				DCA558BB1BD9C8A5004502C1 /* LeDanDanTests.m */,
				DCA558B91BD9C8A5004502C1 /* Supporting Files */,
			);
			path = LeDanDanTests;
			sourceTree = "<group>";
		};
		DCA558B91BD9C8A5004502C1 /* Supporting Files */ = {
			isa = PBXGroup;
			children = (
				DCA558BA1BD9C8A5004502C1 /* Info.plist */,
			);
			name = "Supporting Files";
			sourceTree = "<group>";
		};
		DCA558CB1BE1AB41004502C1 /* Image */ = {
			isa = PBXGroup;
			children = (
				670DE0C01BFAE4E10067561D /* 登录 */,
			);
			name = Image;
			sourceTree = "<group>";
		};
/* End PBXGroup section */

/* Begin PBXNativeTarget section */
		DCA5589B1BD9C8A5004502C1 /* LeDanDan */ = {
			isa = PBXNativeTarget;
			buildConfigurationList = DCA558BF1BD9C8A5004502C1 /* Build configuration list for PBXNativeTarget "LeDanDan" */;
			buildPhases = (
				DCA558981BD9C8A5004502C1 /* Sources */,
				DCA558991BD9C8A5004502C1 /* Frameworks */,
				DCA5589A1BD9C8A5004502C1 /* Resources */,
			);
			buildRules = (
			);
			dependencies = (
			);
			name = LeDanDan;
			productName = LeDanDan;
			productReference = DCA5589C1BD9C8A5004502C1 /* LeDanDan.app */;
			productType = "com.apple.product-type.application";
		};
		DCA558B41BD9C8A5004502C1 /* LeDanDanTests */ = {
			isa = PBXNativeTarget;
			buildConfigurationList = DCA558C21BD9C8A5004502C1 /* Build configuration list for PBXNativeTarget "LeDanDanTests" */;
			buildPhases = (
				DCA558B11BD9C8A5004502C1 /* Sources */,
				DCA558B21BD9C8A5004502C1 /* Frameworks */,
				DCA558B31BD9C8A5004502C1 /* Resources */,
			);
			buildRules = (
			);
			dependencies = (
				DCA558B71BD9C8A5004502C1 /* PBXTargetDependency */,
			);
			name = LeDanDanTests;
			productName = LeDanDanTests;
			productReference = DCA558B51BD9C8A5004502C1 /* LeDanDanTests.xctest */;
			productType = "com.apple.product-type.bundle.unit-test";
		};
/* End PBXNativeTarget section */

/* Begin PBXProject section */
		DCA558941BD9C8A5004502C1 /* Project object */ = {
			isa = PBXProject;
			attributes = {
				LastUpgradeCheck = 0640;
				ORGANIZATIONNAME = herryhan;
				TargetAttributes = {
					DCA5589B1BD9C8A5004502C1 = {
						CreatedOnToolsVersion = 6.4;
					};
					DCA558B41BD9C8A5004502C1 = {
						CreatedOnToolsVersion = 6.4;
						TestTargetID = DCA5589B1BD9C8A5004502C1;
					};
				};
			};
			buildConfigurationList = DCA558971BD9C8A5004502C1 /* Build configuration list for PBXProject "LeDanDan" */;
			compatibilityVersion = "Xcode 3.2";
			developmentRegion = English;
			hasScannedForEncodings = 0;
			knownRegions = (
				en,
				Base,
			);
			mainGroup = DCA558931BD9C8A5004502C1;
			productRefGroup = DCA5589D1BD9C8A5004502C1 /* Products */;
			projectDirPath = "";
			projectRoot = "";
			targets = (
				DCA5589B1BD9C8A5004502C1 /* LeDanDan */,
				DCA558B41BD9C8A5004502C1 /* LeDanDanTests */,
			);
		};
/* End PBXProject section */

/* Begin PBXResourcesBuildPhase section */
		DCA5589A1BD9C8A5004502C1 /* Resources */ = {
			isa = PBXResourcesBuildPhase;
			buildActionMask = 2147483647;
			files = (
				670DE0CF1BFAE4E10067561D /* back@3x.png in Resources */,
				670DE0D31BFAE4E10067561D /* qq.png in Resources */,
				670DE0D61BFAE4E10067561D /* wechat.png in Resources */,
				DCA558AB1BD9C8A5004502C1 /* Main.storyboard in Resources */,
				DCA558B01BD9C8A5004502C1 /* LaunchScreen.xib in Resources */,
				DCA558AD1BD9C8A5004502C1 /* Images.xcassets in Resources */,
				670DE0D71BFAE4E10067561D /* wechat@2x.png in Resources */,
				670DE0D41BFAE4E10067561D /* qq@2x.png in Resources */,
				670DE0D81BFAE4E10067561D /* wechat@3x.png in Resources */,
				670DE0D11BFAE4E10067561D /* line@2x.png in Resources */,
				DC38B82B1BE9A6C50014D06A /* CollectionTableViewCell.xib in Resources */,
				670DE0CD1BFAE4E10067561D /* back.png in Resources */,
				670DE0D51BFAE4E10067561D /* qq@3x.png in Resources */,
				670DE0D01BFAE4E10067561D /* line.png in Resources */,
				670DE0CE1BFAE4E10067561D /* back@2x.png in Resources */,
				DC38B8451BEB15CA0014D06A /* HomeTableViewCell.xib in Resources */,
				DC38B8331BE9E1040014D06A /* TravleTableViewCell.xib in Resources */,
				670DE0D21BFAE4E10067561D /* line@3x.png in Resources */,
				DCBEADFE1BE8A5A800A6D3B2 /* OrderTableViewCell.xib in Resources */,
			);
			runOnlyForDeploymentPostprocessing = 0;
		};
		DCA558B31BD9C8A5004502C1 /* Resources */ = {
			isa = PBXResourcesBuildPhase;
			buildActionMask = 2147483647;
			files = (
			);
			runOnlyForDeploymentPostprocessing = 0;
		};
/* End PBXResourcesBuildPhase section */

/* Begin PBXSourcesBuildPhase section */
		DCA558981BD9C8A5004502C1 /* Sources */ = {
			isa = PBXSourcesBuildPhase;
			buildActionMask = 2147483647;
			files = (
				DCA558CA1BE1AA9D004502C1 /* NTButton.m in Sources */,
				DC38B8481BEB25CE0014D06A /* PlayVC.m in Sources */,
				DC38B8391BEAF90A0014D06A /* SuggestVC.m in Sources */,
				DCA558A81BD9C8A5004502C1 /* ViewController.m in Sources */,
				DCDB53D71BE6F60000B81460 /* MessageVC.m in Sources */,
				DCA558A51BD9C8A5004502C1 /* AppDelegate.m in Sources */,
				DCDB53D41BE6F5E100B81460 /* HomeVC.m in Sources */,
				DCBEADEF1BE88F9800A6D3B2 /* OrderVC.m in Sources */,
				DCDB53DA1BE6F63200B81460 /* MineVC.m in Sources */,
				DC38B82A1BE9A6C50014D06A /* CollectionTableViewCell.m in Sources */,
				DC38B8361BEAEFF70014D06A /* TravleEditAddVC.m in Sources */,
				DCA558C71BDF4BBB004502C1 /* NTViewController.m in Sources */,
				DCBEAE011BE9991E00A6D3B2 /* CollectionVC.m in Sources */,
				DCBEADFD1BE8A5A800A6D3B2 /* OrderTableViewCell.m in Sources */,
				DC38B8321BE9E1040014D06A /* TravleTableViewCell.m in Sources */,
				DC38B8441BEB15CA0014D06A /* HomeTableViewCell.m in Sources */,
				DC38B83F1BEB153E0014D06A /* PlayDetailViewController.m in Sources */,
				DC38B82E1BE9B63F0014D06A /* TravleVC.m in Sources */,
				DCA558A21BD9C8A5004502C1 /* main.m in Sources */,
			);
			runOnlyForDeploymentPostprocessing = 0;
		};
		DCA558B11BD9C8A5004502C1 /* Sources */ = {
			isa = PBXSourcesBuildPhase;
			buildActionMask = 2147483647;
			files = (
				DCA558BC1BD9C8A5004502C1 /* LeDanDanTests.m in Sources */,
			);
			runOnlyForDeploymentPostprocessing = 0;
		};
/* End PBXSourcesBuildPhase section */

/* Begin PBXTargetDependency section */
		DCA558B71BD9C8A5004502C1 /* PBXTargetDependency */ = {
			isa = PBXTargetDependency;
			target = DCA5589B1BD9C8A5004502C1 /* LeDanDan */;
			targetProxy = DCA558B61BD9C8A5004502C1 /* PBXContainerItemProxy */;
		};
/* End PBXTargetDependency section */

/* Begin PBXVariantGroup section */
		DCA558A91BD9C8A5004502C1 /* Main.storyboard */ = {
			isa = PBXVariantGroup;
			children = (
				DCA558AA1BD9C8A5004502C1 /* Base */,
			);
			name = Main.storyboard;
			sourceTree = "<group>";
		};
		DCA558AE1BD9C8A5004502C1 /* LaunchScreen.xib */ = {
			isa = PBXVariantGroup;
			children = (
				DCA558AF1BD9C8A5004502C1 /* Base */,
			);
			name = LaunchScreen.xib;
			sourceTree = "<group>";
		};
/* End PBXVariantGroup section */

/* Begin XCBuildConfiguration section */
		DCA558BD1BD9C8A5004502C1 /* Debug */ = {
			isa = XCBuildConfiguration;
			buildSettings = {
				ALWAYS_SEARCH_USER_PATHS = NO;
				CLANG_CXX_LANGUAGE_STANDARD = "gnu++0x";
				CLANG_CXX_LIBRARY = "libc++";
				CLANG_ENABLE_MODULES = YES;
				CLANG_ENABLE_OBJC_ARC = YES;
				CLANG_WARN_BOOL_CONVERSION = YES;
				CLANG_WARN_CONSTANT_CONVERSION = YES;
				CLANG_WARN_DIRECT_OBJC_ISA_USAGE = YES_ERROR;
				CLANG_WARN_EMPTY_BODY = YES;
				CLANG_WARN_ENUM_CONVERSION = YES;
				CLANG_WARN_INT_CONVERSION = YES;
				CLANG_WARN_OBJC_ROOT_CLASS = YES_ERROR;
				CLANG_WARN_UNREACHABLE_CODE = YES;
				CLANG_WARN__DUPLICATE_METHOD_MATCH = YES;
				"CODE_SIGN_IDENTITY[sdk=iphoneos*]" = "iPhone Developer";
				COPY_PHASE_STRIP = NO;
				DEBUG_INFORMATION_FORMAT = "dwarf-with-dsym";
				ENABLE_STRICT_OBJC_MSGSEND = YES;
				GCC_C_LANGUAGE_STANDARD = gnu99;
				GCC_DYNAMIC_NO_PIC = NO;
				GCC_NO_COMMON_BLOCKS = YES;
				GCC_OPTIMIZATION_LEVEL = 0;
				GCC_PREPROCESSOR_DEFINITIONS = (
					"DEBUG=1",
					"$(inherited)",
				);
				GCC_SYMBOLS_PRIVATE_EXTERN = NO;
				GCC_WARN_64_TO_32_BIT_CONVERSION = YES;
				GCC_WARN_ABOUT_RETURN_TYPE = YES_ERROR;
				GCC_WARN_UNDECLARED_SELECTOR = YES;
				GCC_WARN_UNINITIALIZED_AUTOS = YES_AGGRESSIVE;
				GCC_WARN_UNUSED_FUNCTION = YES;
				GCC_WARN_UNUSED_VARIABLE = YES;
				IPHONEOS_DEPLOYMENT_TARGET = 8.4;
				MTL_ENABLE_DEBUG_INFO = YES;
				ONLY_ACTIVE_ARCH = YES;
				SDKROOT = iphoneos;
				TARGETED_DEVICE_FAMILY = "1,2";
			};
			name = Debug;
		};
		DCA558BE1BD9C8A5004502C1 /* Release */ = {
			isa = XCBuildConfiguration;
			buildSettings = {
				ALWAYS_SEARCH_USER_PATHS = NO;
				CLANG_CXX_LANGUAGE_STANDARD = "gnu++0x";
				CLANG_CXX_LIBRARY = "libc++";
				CLANG_ENABLE_MODULES = YES;
				CLANG_ENABLE_OBJC_ARC = YES;
				CLANG_WARN_BOOL_CONVERSION = YES;
				CLANG_WARN_CONSTANT_CONVERSION = YES;
				CLANG_WARN_DIRECT_OBJC_ISA_USAGE = YES_ERROR;
				CLANG_WARN_EMPTY_BODY = YES;
				CLANG_WARN_ENUM_CONVERSION = YES;
				CLANG_WARN_INT_CONVERSION = YES;
				CLANG_WARN_OBJC_ROOT_CLASS = YES_ERROR;
				CLANG_WARN_UNREACHABLE_CODE = YES;
				CLANG_WARN__DUPLICATE_METHOD_MATCH = YES;
				"CODE_SIGN_IDENTITY[sdk=iphoneos*]" = "iPhone Developer";
				COPY_PHASE_STRIP = NO;
				DEBUG_INFORMATION_FORMAT = "dwarf-with-dsym";
				ENABLE_NS_ASSERTIONS = NO;
				ENABLE_STRICT_OBJC_MSGSEND = YES;
				GCC_C_LANGUAGE_STANDARD = gnu99;
				GCC_NO_COMMON_BLOCKS = YES;
				GCC_WARN_64_TO_32_BIT_CONVERSION = YES;
				GCC_WARN_ABOUT_RETURN_TYPE = YES_ERROR;
				GCC_WARN_UNDECLARED_SELECTOR = YES;
				GCC_WARN_UNINITIALIZED_AUTOS = YES_AGGRESSIVE;
				GCC_WARN_UNUSED_FUNCTION = YES;
				GCC_WARN_UNUSED_VARIABLE = YES;
				IPHONEOS_DEPLOYMENT_TARGET = 8.4;
				MTL_ENABLE_DEBUG_INFO = NO;
				SDKROOT = iphoneos;
				TARGETED_DEVICE_FAMILY = "1,2";
				VALIDATE_PRODUCT = YES;
			};
			name = Release;
		};
		DCA558C01BD9C8A5004502C1 /* Debug */ = {
			isa = XCBuildConfiguration;
			buildSettings = {
				ASSETCATALOG_COMPILER_APPICON_NAME = AppIcon;
				INFOPLIST_FILE = LeDanDan/Info.plist;
				LD_RUNPATH_SEARCH_PATHS = "$(inherited) @executable_path/Frameworks";
				PRODUCT_NAME = "$(TARGET_NAME)";
			};
			name = Debug;
		};
		DCA558C11BD9C8A5004502C1 /* Release */ = {
			isa = XCBuildConfiguration;
			buildSettings = {
				ASSETCATALOG_COMPILER_APPICON_NAME = AppIcon;
				INFOPLIST_FILE = LeDanDan/Info.plist;
				LD_RUNPATH_SEARCH_PATHS = "$(inherited) @executable_path/Frameworks";
				PRODUCT_NAME = "$(TARGET_NAME)";
			};
			name = Release;
		};
		DCA558C31BD9C8A5004502C1 /* Debug */ = {
			isa = XCBuildConfiguration;
			buildSettings = {
				BUNDLE_LOADER = "$(TEST_HOST)";
				FRAMEWORK_SEARCH_PATHS = (
					"$(SDKROOT)/Developer/Library/Frameworks",
					"$(inherited)",
				);
				GCC_PREPROCESSOR_DEFINITIONS = (
					"DEBUG=1",
					"$(inherited)",
				);
				INFOPLIST_FILE = LeDanDanTests/Info.plist;
				LD_RUNPATH_SEARCH_PATHS = "$(inherited) @executable_path/Frameworks @loader_path/Frameworks";
				PRODUCT_NAME = "$(TARGET_NAME)";
				TEST_HOST = "$(BUILT_PRODUCTS_DIR)/LeDanDan.app/LeDanDan";
			};
			name = Debug;
		};
		DCA558C41BD9C8A5004502C1 /* Release */ = {
			isa = XCBuildConfiguration;
			buildSettings = {
				BUNDLE_LOADER = "$(TEST_HOST)";
				FRAMEWORK_SEARCH_PATHS = (
					"$(SDKROOT)/Developer/Library/Frameworks",
					"$(inherited)",
				);
				INFOPLIST_FILE = LeDanDanTests/Info.plist;
				LD_RUNPATH_SEARCH_PATHS = "$(inherited) @executable_path/Frameworks @loader_path/Frameworks";
				PRODUCT_NAME = "$(TARGET_NAME)";
				TEST_HOST = "$(BUILT_PRODUCTS_DIR)/LeDanDan.app/LeDanDan";
			};
			name = Release;
		};
/* End XCBuildConfiguration section */

/* Begin XCConfigurationList section */
		DCA558971BD9C8A5004502C1 /* Build configuration list for PBXProject "LeDanDan" */ = {
			isa = XCConfigurationList;
			buildConfigurations = (
				DCA558BD1BD9C8A5004502C1 /* Debug */,
				DCA558BE1BD9C8A5004502C1 /* Release */,
			);
			defaultConfigurationIsVisible = 0;
			defaultConfigurationName = Release;
		};
		DCA558BF1BD9C8A5004502C1 /* Build configuration list for PBXNativeTarget "LeDanDan" */ = {
			isa = XCConfigurationList;
			buildConfigurations = (
				DCA558C01BD9C8A5004502C1 /* Debug */,
				DCA558C11BD9C8A5004502C1 /* Release */,
			);
			defaultConfigurationIsVisible = 0;
			defaultConfigurationName = Release;
		};
		DCA558C21BD9C8A5004502C1 /* Build configuration list for PBXNativeTarget "LeDanDanTests" */ = {
			isa = XCConfigurationList;
			buildConfigurations = (
				DCA558C31BD9C8A5004502C1 /* Debug */,
				DCA558C41BD9C8A5004502C1 /* Release */,
			);
			defaultConfigurationIsVisible = 0;
			defaultConfigurationName = Release;
		};
/* End XCConfigurationList section */
	};
	rootObject = DCA558941BD9C8A5004502C1 /* Project object */;
}
